
Microsoft Visual Studio Solution File, Format Version 12.00
# Visual Studio 2013
VisualStudioVersion = 12.0.21005.1
MinimumVisualStudioVersion = 10.0.40219.1
Project("{FAE04EC0-301F-11D3-BF4B-00C04F79EFBC}") = "Azimuth", "Azimuth\Azimuth.csproj", "{69C19809-4178-4EB8-ACD2-1F0D983FD336}"
EndProject
Global
	GlobalSection(SolutionConfigurationPlatforms) = preSolution
		Debug|Any CPU = Debug|Any CPU
		Release|Any CPU = Release|Any CPU
	EndGlobalSection
	GlobalSection(ProjectConfigurationPlatforms) = postSolution
		{69C19809-4178-4EB8-ACD2-1F0D983FD336}.Debug|Any CPU.ActiveCfg = Debug|Any CPU
		{69C19809-4178-4EB8-ACD2-1F0D983FD336}.Debug|Any CPU.Build.0 = Debug|Any CPU
		{69C19809-4178-4EB8-ACD2-1F0D983FD336}.Release|Any CPU.ActiveCfg = Release|Any CPU
		{69C19809-4178-4EB8-ACD2-1F0D983FD336}.Release|Any CPU.Build.0 = Release|Any CPU
	EndGlobalSection
	GlobalSection(SolutionProperties) = preSolution
		HideSolutionNode = FALSE
	EndGlobalSection
EndGlobal
